
Microsoft Visual Studio Solution File, Format Version 12.00
# Visual Studio 15
VisualStudioVersion = 15.0.28307.168
MinimumVisualStudioVersion = 10.0.40219.1
Project("{9A19103F-16F7-4668-BE54-9A1E7A4F7556}") = "NUDES.Retornator.Base", "Retornator.Base\NUDES.Retornator.Base.csproj", "{5B825F9C-7201-4DC1-AF5B-0E7FC4DF1F4B}"
EndProject
Project("{9A19103F-16F7-4668-BE54-9A1E7A4F7556}") = "NUDES.Retornator.MVC", "Retornator.MVC\NUDES.Retornator.MVC.csproj", "{70E4E60A-F016-4858-BE89-B7D40C63F15B}"
EndProject
Global
	GlobalSection(SolutionConfigurationPlatforms) = preSolution
		Debug|Any CPU = Debug|Any CPU
		Release|Any CPU = Release|Any CPU
	EndGlobalSection
	GlobalSection(ProjectConfigurationPlatforms) = postSolution
		{5B825F9C-7201-4DC1-AF5B-0E7FC4DF1F4B}.Debug|Any CPU.ActiveCfg = Debug|Any CPU
		{5B825F9C-7201-4DC1-AF5B-0E7FC4DF1F4B}.Debug|Any CPU.Build.0 = Debug|Any CPU
		{5B825F9C-7201-4DC1-AF5B-0E7FC4DF1F4B}.Release|Any CPU.ActiveCfg = Release|Any CPU
		{5B825F9C-7201-4DC1-AF5B-0E7FC4DF1F4B}.Release|Any CPU.Build.0 = Release|Any CPU
		{70E4E60A-F016-4858-BE89-B7D40C63F15B}.Debug|Any CPU.ActiveCfg = Debug|Any CPU
		{70E4E60A-F016-4858-BE89-B7D40C63F15B}.Debug|Any CPU.Build.0 = Debug|Any CPU
		{70E4E60A-F016-4858-BE89-B7D40C63F15B}.Release|Any CPU.ActiveCfg = Release|Any CPU
		{70E4E60A-F016-4858-BE89-B7D40C63F15B}.Release|Any CPU.Build.0 = Release|Any CPU
	EndGlobalSection
	GlobalSection(SolutionProperties) = preSolution
		HideSolutionNode = FALSE
	EndGlobalSection
	GlobalSection(ExtensibilityGlobals) = postSolution
		SolutionGuid = {5FFB0348-B1BE-4DE6-BE32-3EB464DD33C6}
	EndGlobalSection
EndGlobal
